<Solution>
  <Folder Name="/Solution Items/">
    <File Path="license.md" />
    <File Path="readme.md" />
    <File Path="THIRD_PARTY_NOTICES.md" />
  </Folder>
  <Project Path="Crab Game Mono Creator/CrabGameMonoCreator.csproj" Id="9e682670-6993-48ec-9573-86a7f0c776f8" />
  <Project Path="CrabGameDeopTools/CrabGameDeopTools.csproj" />
</Solution>
